
Microsoft Visual Studio Solution File, Format Version 12.00
# Visual Studio Version 16
VisualStudioVersion = 16.0.34601.136
MinimumVisualStudioVersion = 10.0.40219.1
Project("{FAE04EC0-301F-11D3-BF4B-00C04F79EFBC}") = "NetherEarth", "NetherEarth\NetherEarth.csproj", "{59ADB306-C76F-47B5-95E2-AB687167E139}"
EndProject
Project("{FAE04EC0-301F-11D3-BF4B-00C04F79EFBC}") = "NetherEarthGame", "NetherEarthGame\NetherEarthGame.csproj", "{F495E1B9-D779-458C-8DCB-7F0E76ADC4F4}"
EndProject
Global
	GlobalSection(SolutionConfigurationPlatforms) = preSolution
		Debug|Any CPU = Debug|Any CPU
		Release|Any CPU = Release|Any CPU
	EndGlobalSection
	GlobalSection(ProjectConfigurationPlatforms) = postSolution
		{59ADB306-C76F-47B5-95E2-AB687167E139}.Debug|Any CPU.ActiveCfg = Debug|Any CPU
		{59ADB306-C76F-47B5-95E2-AB687167E139}.Debug|Any CPU.Build.0 = Debug|Any CPU
		{59ADB306-C76F-47B5-95E2-AB687167E139}.Release|Any CPU.ActiveCfg = Release|Any CPU
		{59ADB306-C76F-47B5-95E2-AB687167E139}.Release|Any CPU.Build.0 = Release|Any CPU
		{F495E1B9-D779-458C-8DCB-7F0E76ADC4F4}.Debug|Any CPU.ActiveCfg = Debug|Any CPU
		{F495E1B9-D779-458C-8DCB-7F0E76ADC4F4}.Debug|Any CPU.Build.0 = Debug|Any CPU
		{F495E1B9-D779-458C-8DCB-7F0E76ADC4F4}.Release|Any CPU.ActiveCfg = Release|Any CPU
		{F495E1B9-D779-458C-8DCB-7F0E76ADC4F4}.Release|Any CPU.Build.0 = Release|Any CPU
	EndGlobalSection
	GlobalSection(SolutionProperties) = preSolution
		HideSolutionNode = FALSE
	EndGlobalSection
	GlobalSection(ExtensibilityGlobals) = postSolution
		SolutionGuid = {7775EF82-0DF5-4E74-8199-79A89C09DF81}
	EndGlobalSection
EndGlobal
